<?xml version="1.0" encoding="utf-8"?>
<Project ToolsVersion="4.0" xmlns="http://schemas.microsoft.com/developer/msbuild/2003">
  <ItemGroup>
    <Filter Include="Source Files">
      <UniqueIdentifier>{4FC737F1-C7A5-4376-A066-2A32D752A2FF}</UniqueIdentifier>
    </Filter>
    <Filter Include="Source Files\engine">
      <UniqueIdentifier>{2B4C6D8E-0F1A-4B3C-8D5E-6F7A8B9C0D1E}</UniqueIdentifier>
    </Filter>
    <Filter Include="Source Files\ui">
      <UniqueIdentifier>{3C5D7E9F-1A2B-4C3D-9E6F-7A8B9C0D1E2F}</UniqueIdentifier>
    </Filter>
    <Filter Include="Header Files">
      <UniqueIdentifier>{93995380-89BD-4b04-88EB-625FBE52EBFB}</UniqueIdentifier>
    </Filter>
    <Filter Include="Resource Files">
      <UniqueIdentifier>{67DA6AB6-F800-4c08-8B7A-83BB121AAD01}</UniqueIdentifier>
    </Filter>
  </ItemGroup>
  <ItemGroup>
    <ClCompile Include="..\..\shared\auxtools.cpp">
      <Filter>Source Files</Filter>
    </ClCompile>
    <ClCompile Include="..\..\shared\dbg.cpp">
      <Filter>Source Files</Filter>
    </ClCompile>
    <ClCompile Include="..\..\shared\mhandles.cpp">
      <Filter>Source Files</Filter>
    </ClCompile>
    <ClCompile Include="..\..\shared\winliblt.cpp">
      <Filter>Source Files</Filter>
    </ClCompile>
    <ClCompile Include="..\config.cpp">
      <Filter>Source Files</Filter>
    </ClCompile>
    <ClCompile Include="..\handoff.cpp">
      <Filter>Source Files</Filter>
    </ClCompile>
    <ClCompile Include="..\precomp.cpp">
      <Filter>Source Files</Filter>
    </ClCompile>
    <ClCompile Include="..\ui\dlg_config.cpp">
      <Filter>Source Files\ui</Filter>
    </ClCompile>
    <ClCompile Include="..\ui\dlg_newspec.cpp">
      <Filter>Source Files\ui</Filter>
    </ClCompile>
    <ClCompile Include="..\ui\dlg_override.cpp">
      <Filter>Source Files\ui</Filter>
    </ClCompile>
    <ClCompile Include="..\ui\dlg_result.cpp">
      <Filter>Source Files\ui</Filter>
    </ClCompile>
    <ClCompile Include="..\ui\dlg_review.cpp">
      <Filter>Source Files\ui</Filter>
    </ClCompile>
    <ClCompile Include="..\ui\dlg_session.cpp">
      <Filter>Source Files\ui</Filter>
    </ClCompile>
    <ClCompile Include="..\ui\dlg_validate.cpp">
      <Filter>Source Files\ui</Filter>
    </ClCompile>
    <ClCompile Include="..\ui\dlg_verify.cpp">
      <Filter>Source Files\ui</Filter>
    </ClCompile>
    <ClCompile Include="..\ui\listview_util.cpp">
      <Filter>Source Files\ui</Filter>
    </ClCompile>
    <ClCompile Include="..\ui\report_text.cpp">
      <Filter>Source Files\ui</Filter>
    </ClCompile>
    <ClCompile Include="..\ui\sdk_strings.cpp">
      <Filter>Source Files\ui</Filter>
    </ClCompile>
    <ClCompile Include="..\ui\session.cpp">
      <Filter>Source Files\ui</Filter>
    </ClCompile>
    <ClCompile Include="..\ui\spec_source.cpp">
      <Filter>Source Files\ui</Filter>
    </ClCompile>
    <ClCompile Include="..\ui\ui_thread.cpp">
      <Filter>Source Files\ui</Filter>
    </ClCompile>
    <ClCompile Include="..\ui\wdialog.cpp">
      <Filter>Source Files\ui</Filter>
    </ClCompile>
    <ClCompile Include="..\ui\worker_bridge.cpp">
      <Filter>Source Files\ui</Filter>
    </ClCompile>
    <ClCompile Include="..\engine\build.cpp">
      <Filter>Source Files\engine</Filter>
    </ClCompile>
    <ClCompile Include="..\engine\csv.cpp">
      <Filter>Source Files\engine</Filter>
    </ClCompile>
    <ClCompile Include="..\engine\file_system.cpp">
      <Filter>Source Files\engine</Filter>
    </ClCompile>
    <ClCompile Include="..\engine\findings.cpp">
      <Filter>Source Files\engine</Filter>
    </ClCompile>
    <ClCompile Include="..\engine\formats.cpp">
      <Filter>Source Files\engine</Filter>
    </ClCompile>
    <ClCompile Include="..\engine\image_probe.cpp">
      <Filter>Source Files\engine</Filter>
    </ClCompile>
    <ClCompile Include="..\engine\json.cpp">
      <Filter>Source Files\engine</Filter>
    </ClCompile>
    <ClCompile Include="..\engine\name_template.cpp">
      <Filter>Source Files\engine</Filter>
    </ClCompile>
    <ClCompile Include="..\engine\outputs.cpp">
      <Filter>Source Files\engine</Filter>
    </ClCompile>
    <ClCompile Include="..\engine\patterns.cpp">
      <Filter>Source Files\engine</Filter>
    </ClCompile>
    <ClCompile Include="..\engine\pdf_pages_winrt.cpp">
      <Filter>Source Files\engine</Filter>
    </ClCompile>
    <ClCompile Include="..\engine\pdf_structure.cpp">
      <Filter>Source Files\engine</Filter>
    </ClCompile>
    <ClCompile Include="..\engine\plan.cpp">
      <Filter>Source Files\engine</Filter>
    </ClCompile>
    <ClCompile Include="..\engine\review.cpp">
      <Filter>Source Files\engine</Filter>
    </ClCompile>
    <ClCompile Include="..\engine\scanner.cpp">
      <Filter>Source Files\engine</Filter>
    </ClCompile>
    <ClCompile Include="..\engine\spec.cpp">
      <Filter>Source Files\engine</Filter>
    </ClCompile>
    <ClCompile Include="..\engine\text_util.cpp">
      <Filter>Source Files\engine</Filter>
    </ClCompile>
    <ClCompile Include="..\engine\verify.cpp">
      <Filter>Source Files\engine</Filter>
    </ClCompile>
  </ItemGroup>
  <ItemGroup>
    <ClInclude Include="..\ui\build_session.h">
      <Filter>Header Files</Filter>
    </ClInclude>
    <ClInclude Include="..\ui\handoff_ui.h">
      <Filter>Header Files</Filter>
    </ClInclude>
    <ClInclude Include="..\ui\listview_util.h">
      <Filter>Header Files</Filter>
    </ClInclude>
    <ClInclude Include="..\ui\report_text.h">
      <Filter>Header Files</Filter>
    </ClInclude>
    <ClInclude Include="..\ui\sdk_strings.h">
      <Filter>Header Files</Filter>
    </ClInclude>
    <ClInclude Include="..\ui\session.h">
      <Filter>Header Files</Filter>
    </ClInclude>
    <ClInclude Include="..\ui\spec_source.h">
      <Filter>Header Files</Filter>
    </ClInclude>
    <ClInclude Include="..\ui\ui_thread.h">
      <Filter>Header Files</Filter>
    </ClInclude>
    <ClInclude Include="..\ui\wdialog.h">
      <Filter>Header Files</Filter>
    </ClInclude>
    <ClInclude Include="..\ui\worker_bridge.h">
      <Filter>Header Files</Filter>
    </ClInclude>
    <ClInclude Include="..\engine\build.h">
      <Filter>Header Files</Filter>
    </ClInclude>
    <ClInclude Include="..\engine\csv.h">
      <Filter>Header Files</Filter>
    </ClInclude>
    <ClInclude Include="..\engine\file_system.h">
      <Filter>Header Files</Filter>
    </ClInclude>
    <ClInclude Include="..\engine\findings.h">
      <Filter>Header Files</Filter>
    </ClInclude>
    <ClInclude Include="..\engine\formats.h">
      <Filter>Header Files</Filter>
    </ClInclude>
    <ClInclude Include="..\engine\inspect.h">
      <Filter>Header Files</Filter>
    </ClInclude>
    <ClInclude Include="..\engine\json.h">
      <Filter>Header Files</Filter>
    </ClInclude>
    <ClInclude Include="..\engine\name_template.h">
      <Filter>Header Files</Filter>
    </ClInclude>
    <ClInclude Include="..\engine\outputs.h">
      <Filter>Header Files</Filter>
    </ClInclude>
    <ClInclude Include="..\engine\patterns.h">
      <Filter>Header Files</Filter>
    </ClInclude>
    <ClInclude Include="..\engine\plan.h">
      <Filter>Header Files</Filter>
    </ClInclude>
    <ClInclude Include="..\engine\progress.h">
      <Filter>Header Files</Filter>
    </ClInclude>
    <ClInclude Include="..\engine\review.h">
      <Filter>Header Files</Filter>
    </ClInclude>
    <ClInclude Include="..\engine\scanner.h">
      <Filter>Header Files</Filter>
    </ClInclude>
    <ClInclude Include="..\engine\spec.h">
      <Filter>Header Files</Filter>
    </ClInclude>
    <ClInclude Include="..\engine\text_util.h">
      <Filter>Header Files</Filter>
    </ClInclude>
    <ClInclude Include="..\engine\verify.h">
      <Filter>Header Files</Filter>
    </ClInclude>
    <ClInclude Include="..\config.h">
      <Filter>Header Files</Filter>
    </ClInclude>
    <ClInclude Include="..\handoff.h">
      <Filter>Header Files</Filter>
    </ClInclude>
    <ClInclude Include="..\precomp.h">
      <Filter>Header Files</Filter>
    </ClInclude>
  </ItemGroup>
  <ItemGroup>
    <ResourceCompile Include="..\handoff.rc">
      <Filter>Resource Files</Filter>
    </ResourceCompile>
  </ItemGroup>
</Project>
